
Microsoft Visual Studio Solution File, Format Version 12.00
# Visual Studio Version 17
VisualStudioVersion = 17.0.32112.339
MinimumVisualStudioVersion = 10.0.40219.1
Project("{FAE04EC0-301F-11D3-BF4B-00C04F79EFBC}") = "UserRegistration", "UserRegistration\UserRegistration.csproj", "{69C8A6EC-A374-4EEA-9A4F-7EF78459EB31}"
EndProject
Project("{FAE04EC0-301F-11D3-BF4B-00C04F79EFBC}") = "UserRegistrationTest", "..\UserRegistrationTest\UserRegistrationTest.csproj", "{0B83EA22-4FE8-404B-8656-66479AEF68DA}"
EndProject
Global
	GlobalSection(SolutionConfigurationPlatforms) = preSolution
		Debug|Any CPU = Debug|Any CPU
		Release|Any CPU = Release|Any CPU
	EndGlobalSection
	GlobalSection(ProjectConfigurationPlatforms) = postSolution
		{69C8A6EC-A374-4EEA-9A4F-7EF78459EB31}.Debug|Any CPU.ActiveCfg = Debug|Any CPU
		{69C8A6EC-A374-4EEA-9A4F-7EF78459EB31}.Debug|Any CPU.Build.0 = Debug|Any CPU
		{69C8A6EC-A374-4EEA-9A4F-7EF78459EB31}.Release|Any CPU.ActiveCfg = Release|Any CPU
		{69C8A6EC-A374-4EEA-9A4F-7EF78459EB31}.Release|Any CPU.Build.0 = Release|Any CPU
		{0B83EA22-4FE8-404B-8656-66479AEF68DA}.Debug|Any CPU.ActiveCfg = Debug|Any CPU
		{0B83EA22-4FE8-404B-8656-66479AEF68DA}.Debug|Any CPU.Build.0 = Debug|Any CPU
		{0B83EA22-4FE8-404B-8656-66479AEF68DA}.Release|Any CPU.ActiveCfg = Release|Any CPU
		{0B83EA22-4FE8-404B-8656-66479AEF68DA}.Release|Any CPU.Build.0 = Release|Any CPU
	EndGlobalSection
	GlobalSection(SolutionProperties) = preSolution
		HideSolutionNode = FALSE
	EndGlobalSection
	GlobalSection(ExtensibilityGlobals) = postSolution
		SolutionGuid = {7DDCFA12-BC09-4D0F-AEA2-FA46AF944D57}
	EndGlobalSection
EndGlobal
